{
  "name": "techlink-backend",
  "lockfileVersion": 3,
  "requires": true,
  "packages": {
    "": {
      "dependencies": {
        "io": "^1.5.7",
        "socket": "^1.1.49"
      }
    },
    "node_modules/io": {
      "version": "1.5.7",
      "resolved": "https://registry.npmjs.org/io/-/io-1.5.7.tgz",
      "integrity": "sha512-snCaiHc/UOKKNlErcEhgGolvQ4rPoKNtDiNBUSxeTxBb1HH5smsQBZav2JXWFZ+KNOMS1mlrb834K/rMYGAmVg==",
      "license": "MIT",
      "dependencies": {
        "mime": "^3.0.0"
      }
    },
    "node_modules/mime": {
      "version": "3.0.0",
      "resolved": "https://registry.npmjs.org/mime/-/mime-3.0.0.tgz",
      "integrity": "sha512-jSCU7/VB1loIWBZe14aEYHU/+1UMEHoaO7qxCOVJOw9GgH72VAWppxNcjU+x9a2k3GSIBXNKxXQFqRvvZ7vr3A==",
      "license": "MIT",
      "bin": {
        "mime": "cli.js"
      },
      "engines": {
        "node": ">=10.0.0"
      }
    },
    "node_modules/socket": {
      "version": "1.1.49",
      "resolved": "https://registry.npmjs.org/socket/-/socket-1.1.49.tgz",
      "integrity": "sha512-7BsJO/Cv3YwO8xk2bMWjD/3Y2QD4Hk6if2yEGYmTSxuVJHkklNbizDZTHQ+9y6Q9fx930PHN1HekAuuamZXE0Q==",
      "license": "MIT AND OFL-1.1",
      "bin": {
        "socket": "bin/cli.js",
        "socket-npm": "bin/npm-cli.js",
        "socket-npx": "bin/npx-cli.js",
        "socket-pnpm": "bin/pnpm-cli.js",
        "socket-yarn": "bin/yarn-cli.js"
      },
      "engines": {
        "node": ">=18",
        "pnpm": ">=10.16.0"
      }
    }
  }
}
